
Microsoft Visual Studio Solution File, Format Version 12.00
# Visual Studio 15
VisualStudioVersion = 15.0.27604.0
MinimumVisualStudioVersion = 10.0.40219.1
Project("{FAE04EC0-301F-11D3-BF4B-00C04F79EFBC}") = "XamlPlayground", "XamlPlayground\XamlPlayground.csproj", "{4AA72983-13E8-40C9-8CA2-9F1A4BF5E89E}"
EndProject
Project("{FAE04EC0-301F-11D3-BF4B-00C04F79EFBC}") = "XamlPlayground.Android", "XamlPlayground.Android\XamlPlayground.Android.csproj", "{09366860-68B2-405E-853C-499F1F7844DD}"
EndProject
Project("{FAE04EC0-301F-11D3-BF4B-00C04F79EFBC}") = "XamlPlayground.iOS", "XamlPlayground.iOS\XamlPlayground.iOS.csproj", "{E087E5E1-B9DB-42DD-A4E8-1135AD40F428}"
EndProject
Project("{FAE04EC0-301F-11D3-BF4B-00C04F79EFBC}") = "XamlPlayground.UWP", "XamlPlayground.UWP\XamlPlayground.UWP.csproj", "{BBE20091-AED8-4EC3-81BD-107F20529660}"
EndProject
Project("{FAE04EC0-301F-11D3-BF4B-00C04F79EFBC}") = "UserInterfaceBuilder", "..\UserInterfaceBuilder\UserInterfaceBuilder\UserInterfaceBuilder.csproj", "{987D0DAF-D577-4D55-A109-FEC8D76CBD72}"
EndProject
Project("{2150E333-8FDC-42A3-9474-1A3956D46DE8}") = "UserInterfaceBuilder", "UserInterfaceBuilder", "{4B6156DF-1DC1-46C2-83D5-EC72658DAD50}"
EndProject
Project("{2150E333-8FDC-42A3-9474-1A3956D46DE8}") = "Targets", "Targets", "{E11C7A8C-5913-4111-A7BA-7E22F30BE2DA}"
EndProject
Project("{FAE04EC0-301F-11D3-BF4B-00C04F79EFBC}") = "UserInterfaceBuilderPreserver", "..\UserInterfaceBuilder\UserInterfaceBuilderPreserver\UserInterfaceBuilderPreserver.csproj", "{FF57A697-9681-4C6F-AFC0-C6CAADBA1267}"
EndProject
Project("{FAE04EC0-301F-11D3-BF4B-00C04F79EFBC}") = "XAMLExtensions", "..\UserInterfaceBuilder\XAMLExtensions\XAMLExtensions.csproj", "{CA2BD7AF-CBD6-4B26-A2A2-13650B32B97D}"
EndProject
Project("{2150E333-8FDC-42A3-9474-1A3956D46DE8}") = "Utilities", "Utilities", "{D114B573-F06A-45FE-A3E9-AA7FA3DA1818}"
EndProject
Global
	GlobalSection(SolutionConfigurationPlatforms) = preSolution
		Ad-Hoc|Any CPU = Ad-Hoc|Any CPU
		Ad-Hoc|ARM = Ad-Hoc|ARM
		Ad-Hoc|iPhone = Ad-Hoc|iPhone
		Ad-Hoc|iPhoneSimulator = Ad-Hoc|iPhoneSimulator
		Ad-Hoc|x64 = Ad-Hoc|x64
		Ad-Hoc|x86 = Ad-Hoc|x86
		AppStore|Any CPU = AppStore|Any CPU
		AppStore|ARM = AppStore|ARM
		AppStore|iPhone = AppStore|iPhone
		AppStore|iPhoneSimulator = AppStore|iPhoneSimulator
		AppStore|x64 = AppStore|x64
		AppStore|x86 = AppStore|x86
		Debug|Any CPU = Debug|Any CPU
		Debug|ARM = Debug|ARM
		Debug|iPhone = Debug|iPhone
		Debug|iPhoneSimulator = Debug|iPhoneSimulator
		Debug|x64 = Debug|x64
		Debug|x86 = Debug|x86
		Release|Any CPU = Release|Any CPU
		Release|ARM = Release|ARM
		Release|iPhone = Release|iPhone
		Release|iPhoneSimulator = Release|iPhoneSimulator
		Release|x64 = Release|x64
		Release|x86 = Release|x86
	EndGlobalSection
	GlobalSection(ProjectConfigurationPlatforms) = postSolution
		{4AA72983-13E8-40C9-8CA2-9F1A4BF5E89E}.Debug|Any CPU.ActiveCfg = Debug|Any CPU
		{4AA72983-13E8-40C9-8CA2-9F1A4BF5E89E}.Debug|Any CPU.Build.0 = Debug|Any CPU
		{4AA72983-13E8-40C9-8CA2-9F1A4BF5E89E}.Debug|Any CPU.Deploy.0 = Debug|Any CPU
		{4AA72983-13E8-40C9-8CA2-9F1A4BF5E89E}.Debug|ARM.ActiveCfg = Debug|Any CPU
		{4AA72983-13E8-40C9-8CA2-9F1A4BF5E89E}.Debug|ARM.Build.0 = Debug|Any CPU
		{4AA72983-13E8-40C9-8CA2-9F1A4BF5E89E}.Debug|ARM.Deploy.0 = Debug|Any CPU
		{4AA72983-13E8-40C9-8CA2-9F1A4BF5E89E}.Debug|iPhone.ActiveCfg = Debug|Any CPU
		{4AA72983-13E8-40C9-8CA2-9F1A4BF5E89E}.Debug|iPhone.Build.0 = Debug|Any CPU
		{4AA72983-13E8-40C9-8CA2-9F1A4BF5E89E}.Debug|iPhone.Deploy.0 = Debug|Any CPU
		{4AA72983-13E8-40C9-8CA2-9F1A4BF5E89E}.Debug|iPhoneSimulator.ActiveCfg = Debug|Any CPU
		{4AA72983-13E8-40C9-8CA2-9F1A4BF5E89E}.Debug|iPhoneSimulator.Build.0 = Debug|Any CPU
		{4AA72983-13E8-40C9-8CA2-9F1A4BF5E89E}.Debug|iPhoneSimulator.Deploy.0 = Debug|Any CPU
		{4AA72983-13E8-40C9-8CA2-9F1A4BF5E89E}.Debug|x64.ActiveCfg = Debug|Any CPU
		{4AA72983-13E8-40C9-8CA2-9F1A4BF5E89E}.Debug|x64.Build.0 = Debug|Any CPU
		{4AA72983-13E8-40C9-8CA2-9F1A4BF5E89E}.Debug|x64.Deploy.0 = Debug|Any CPU
		{4AA72983-13E8-40C9-8CA2-9F1A4BF5E89E}.Debug|x86.ActiveCfg = Debug|Any CPU
		{4AA72983-13E8-40C9-8CA2-9F1A4BF5E89E}.Debug|x86.Build.0 = Debug|Any CPU
		{4AA72983-13E8-40C9-8CA2-9F1A4BF5E89E}.Debug|x86.Deploy.0 = Debug|Any CPU
		{4AA72983-13E8-40C9-8CA2-9F1A4BF5E89E}.Release|Any CPU.ActiveCfg = Release|Any CPU
		{4AA72983-13E8-40C9-8CA2-9F1A4BF5E89E}.Release|Any CPU.Build.0 = Release|Any CPU
		{4AA72983-13E8-40C9-8CA2-9F1A4BF5E89E}.Release|Any CPU.Deploy.0 = Release|Any CPU
		{4AA72983-13E8-40C9-8CA2-9F1A4BF5E89E}.Release|ARM.ActiveCfg = Release|Any CPU
		{4AA72983-13E8-40C9-8CA2-9F1A4BF5E89E}.Release|ARM.Build.0 = Release|Any CPU
		{4AA72983-13E8-40C9-8CA2-9F1A4BF5E89E}.Release|ARM.Deploy.0 = Release|Any CPU
		{4AA72983-13E8-40C9-8CA2-9F1A4BF5E89E}.Release|iPhone.ActiveCfg = Release|Any CPU
		{4AA72983-13E8-40C9-8CA2-9F1A4BF5E89E}.Release|iPhone.Build.0 = Release|Any CPU
		{4AA72983-13E8-40C9-8CA2-9F1A4BF5E89E}.Release|iPhone.Deploy.0 = Release|Any CPU
		{4AA72983-13E8-40C9-8CA2-9F1A4BF5E89E}.Release|iPhoneSimulator.ActiveCfg = Release|Any CPU
		{4AA72983-13E8-40C9-8CA2-9F1A4BF5E89E}.Release|iPhoneSimulator.Build.0 = Release|Any CPU
		{4AA72983-13E8-40C9-8CA2-9F1A4BF5E89E}.Release|iPhoneSimulator.Deploy.0 = Release|Any CPU
		{4AA72983-13E8-40C9-8CA2-9F1A4BF5E89E}.Release|x64.ActiveCfg = Release|Any CPU
		{4AA72983-13E8-40C9-8CA2-9F1A4BF5E89E}.Release|x64.Build.0 = Release|Any CPU
		{4AA72983-13E8-40C9-8CA2-9F1A4BF5E89E}.Release|x64.Deploy.0 = Release|Any CPU
		{4AA72983-13E8-40C9-8CA2-9F1A4BF5E89E}.Release|x86.ActiveCfg = Release|Any CPU
		{4AA72983-13E8-40C9-8CA2-9F1A4BF5E89E}.Release|x86.Build.0 = Release|Any CPU
		{4AA72983-13E8-40C9-8CA2-9F1A4BF5E89E}.Release|x86.Deploy.0 = Release|Any CPU
		{4AA72983-13E8-40C9-8CA2-9F1A4BF5E89E}.Ad-Hoc|Any CPU.ActiveCfg = Debug|Any CPU
		{4AA72983-13E8-40C9-8CA2-9F1A4BF5E89E}.Ad-Hoc|Any CPU.Build.0 = Debug|Any CPU
		{09366860-68B2-405E-853C-499F1F7844DD}.Debug|Any CPU.ActiveCfg = Debug|Any CPU
		{09366860-68B2-405E-853C-499F1F7844DD}.Debug|Any CPU.Build.0 = Debug|Any CPU
		{09366860-68B2-405E-853C-499F1F7844DD}.Debug|Any CPU.Deploy.0 = Debug|Any CPU
		{09366860-68B2-405E-853C-499F1F7844DD}.Debug|ARM.ActiveCfg = Debug|Any CPU
		{09366860-68B2-405E-853C-499F1F7844DD}.Debug|ARM.Build.0 = Debug|Any CPU
		{09366860-68B2-405E-853C-499F1F7844DD}.Debug|ARM.Deploy.0 = Debug|Any CPU
		{09366860-68B2-405E-853C-499F1F7844DD}.Debug|iPhone.ActiveCfg = Debug|Any CPU
		{09366860-68B2-405E-853C-499F1F7844DD}.Debug|iPhone.Build.0 = Debug|Any CPU
		{09366860-68B2-405E-853C-499F1F7844DD}.Debug|iPhone.Deploy.0 = Debug|Any CPU
		{09366860-68B2-405E-853C-499F1F7844DD}.Debug|iPhoneSimulator.ActiveCfg = Debug|Any CPU
		{09366860-68B2-405E-853C-499F1F7844DD}.Debug|iPhoneSimulator.Build.0 = Debug|Any CPU
		{09366860-68B2-405E-853C-499F1F7844DD}.Debug|iPhoneSimulator.Deploy.0 = Debug|Any CPU
		{09366860-68B2-405E-853C-499F1F7844DD}.Debug|x64.ActiveCfg = Debug|Any CPU
		{09366860-68B2-405E-853C-499F1F7844DD}.Debug|x64.Build.0 = Debug|Any CPU
		{09366860-68B2-405E-853C-499F1F7844DD}.Debug|x64.Deploy.0 = Debug|Any CPU
		{09366860-68B2-405E-853C-499F1F7844DD}.Debug|x86.ActiveCfg = Debug|Any CPU
		{09366860-68B2-405E-853C-499F1F7844DD}.Debug|x86.Build.0 = Debug|Any CPU
		{09366860-68B2-405E-853C-499F1F7844DD}.Debug|x86.Deploy.0 = Debug|Any CPU
		{09366860-68B2-405E-853C-499F1F7844DD}.Release|Any CPU.ActiveCfg = Release|Any CPU
		{09366860-68B2-405E-853C-499F1F7844DD}.Release|Any CPU.Build.0 = Release|Any CPU
		{09366860-68B2-405E-853C-499F1F7844DD}.Release|Any CPU.Deploy.0 = Release|Any CPU
		{09366860-68B2-405E-853C-499F1F7844DD}.Release|ARM.ActiveCfg = Release|Any CPU
		{09366860-68B2-405E-853C-499F1F7844DD}.Release|ARM.Build.0 = Release|Any CPU
		{09366860-68B2-405E-853C-499F1F7844DD}.Release|ARM.Deploy.0 = Release|Any CPU
		{09366860-68B2-405E-853C-499F1F7844DD}.Release|iPhone.ActiveCfg = Release|Any CPU
		{09366860-68B2-405E-853C-499F1F7844DD}.Release|iPhone.Build.0 = Release|Any CPU
		{09366860-68B2-405E-853C-499F1F7844DD}.Release|iPhone.Deploy.0 = Release|Any CPU
		{09366860-68B2-405E-853C-499F1F7844DD}.Release|iPhoneSimulator.ActiveCfg = Release|Any CPU
		{09366860-68B2-405E-853C-499F1F7844DD}.Release|iPhoneSimulator.Build.0 = Release|Any CPU
		{09366860-68B2-405E-853C-499F1F7844DD}.Release|iPhoneSimulator.Deploy.0 = Release|Any CPU
		{09366860-68B2-405E-853C-499F1F7844DD}.Release|x64.ActiveCfg = Release|Any CPU
		{09366860-68B2-405E-853C-499F1F7844DD}.Release|x64.Build.0 = Release|Any CPU
		{09366860-68B2-405E-853C-499F1F7844DD}.Release|x64.Deploy.0 = Release|Any CPU
		{09366860-68B2-405E-853C-499F1F7844DD}.Release|x86.ActiveCfg = Release|Any CPU
		{09366860-68B2-405E-853C-499F1F7844DD}.Release|x86.Build.0 = Release|Any CPU
		{09366860-68B2-405E-853C-499F1F7844DD}.Release|x86.Deploy.0 = Release|Any CPU
		{09366860-68B2-405E-853C-499F1F7844DD}.Ad-Hoc|Any CPU.ActiveCfg = Debug|Any CPU
		{09366860-68B2-405E-853C-499F1F7844DD}.Ad-Hoc|Any CPU.Build.0 = Debug|Any CPU
		{E087E5E1-B9DB-42DD-A4E8-1135AD40F428}.Debug|Any CPU.ActiveCfg = Debug|iPhoneSimulator
		{E087E5E1-B9DB-42DD-A4E8-1135AD40F428}.Debug|Any CPU.Build.0 = Debug|iPhoneSimulator
		{E087E5E1-B9DB-42DD-A4E8-1135AD40F428}.Debug|Any CPU.Deploy.0 = Debug|iPhoneSimulator
		{E087E5E1-B9DB-42DD-A4E8-1135AD40F428}.Debug|ARM.ActiveCfg = Debug|iPhone
		{E087E5E1-B9DB-42DD-A4E8-1135AD40F428}.Debug|ARM.Build.0 = Debug|iPhone
		{E087E5E1-B9DB-42DD-A4E8-1135AD40F428}.Debug|ARM.Deploy.0 = Debug|iPhone
		{E087E5E1-B9DB-42DD-A4E8-1135AD40F428}.Debug|iPhone.ActiveCfg = Debug|iPhone
		{E087E5E1-B9DB-42DD-A4E8-1135AD40F428}.Debug|iPhone.Build.0 = Debug|iPhone
		{E087E5E1-B9DB-42DD-A4E8-1135AD40F428}.Debug|iPhone.Deploy.0 = Debug|iPhone
		{E087E5E1-B9DB-42DD-A4E8-1135AD40F428}.Debug|iPhoneSimulator.ActiveCfg = Debug|iPhoneSimulator
		{E087E5E1-B9DB-42DD-A4E8-1135AD40F428}.Debug|iPhoneSimulator.Build.0 = Debug|iPhoneSimulator
		{E087E5E1-B9DB-42DD-A4E8-1135AD40F428}.Debug|iPhoneSimulator.Deploy.0 = Debug|iPhoneSimulator
		{E087E5E1-B9DB-42DD-A4E8-1135AD40F428}.Debug|x64.ActiveCfg = Debug|iPhone
		{E087E5E1-B9DB-42DD-A4E8-1135AD40F428}.Debug|x64.Build.0 = Debug|iPhone
		{E087E5E1-B9DB-42DD-A4E8-1135AD40F428}.Debug|x64.Deploy.0 = Debug|iPhone
		{E087E5E1-B9DB-42DD-A4E8-1135AD40F428}.Debug|x86.ActiveCfg = Debug|iPhoneSimulator
		{E087E5E1-B9DB-42DD-A4E8-1135AD40F428}.Debug|x86.Build.0 = Debug|iPhoneSimulator
		{E087E5E1-B9DB-42DD-A4E8-1135AD40F428}.Debug|x86.Deploy.0 = Debug|iPhoneSimulator
		{E087E5E1-B9DB-42DD-A4E8-1135AD40F428}.Release|Any CPU.ActiveCfg = Release|iPhoneSimulator
		{E087E5E1-B9DB-42DD-A4E8-1135AD40F428}.Release|Any CPU.Build.0 = Release|iPhoneSimulator
		{E087E5E1-B9DB-42DD-A4E8-1135AD40F428}.Release|Any CPU.Deploy.0 = Release|iPhoneSimulator
		{E087E5E1-B9DB-42DD-A4E8-1135AD40F428}.Release|ARM.ActiveCfg = Release|iPhone
		{E087E5E1-B9DB-42DD-A4E8-1135AD40F428}.Release|ARM.Build.0 = Release|iPhone
		{E087E5E1-B9DB-42DD-A4E8-1135AD40F428}.Release|ARM.Deploy.0 = Release|iPhone
		{E087E5E1-B9DB-42DD-A4E8-1135AD40F428}.Release|iPhone.ActiveCfg = Release|iPhone
		{E087E5E1-B9DB-42DD-A4E8-1135AD40F428}.Release|iPhone.Build.0 = Release|iPhone
		{E087E5E1-B9DB-42DD-A4E8-1135AD40F428}.Release|iPhone.Deploy.0 = Release|iPhone
		{E087E5E1-B9DB-42DD-A4E8-1135AD40F428}.Release|iPhoneSimulator.ActiveCfg = Release|iPhoneSimulator
		{E087E5E1-B9DB-42DD-A4E8-1135AD40F428}.Release|iPhoneSimulator.Build.0 = Release|iPhoneSimulator
		{E087E5E1-B9DB-42DD-A4E8-1135AD40F428}.Release|iPhoneSimulator.Deploy.0 = Release|iPhoneSimulator
		{E087E5E1-B9DB-42DD-A4E8-1135AD40F428}.Release|x64.ActiveCfg = Release|iPhone
		{E087E5E1-B9DB-42DD-A4E8-1135AD40F428}.Release|x64.Build.0 = Release|iPhone
		{E087E5E1-B9DB-42DD-A4E8-1135AD40F428}.Release|x64.Deploy.0 = Release|iPhone
		{E087E5E1-B9DB-42DD-A4E8-1135AD40F428}.Release|x86.ActiveCfg = Release|iPhone
		{E087E5E1-B9DB-42DD-A4E8-1135AD40F428}.Release|x86.Build.0 = Release|iPhone
		{E087E5E1-B9DB-42DD-A4E8-1135AD40F428}.Release|x86.Deploy.0 = Release|iPhone
		{E087E5E1-B9DB-42DD-A4E8-1135AD40F428}.Ad-Hoc|Any CPU.ActiveCfg = Debug|iPhoneSimulator
		{E087E5E1-B9DB-42DD-A4E8-1135AD40F428}.Ad-Hoc|Any CPU.Build.0 = Debug|iPhoneSimulator
		{BBE20091-AED8-4EC3-81BD-107F20529660}.Debug|Any CPU.ActiveCfg = Debug|x86
		{BBE20091-AED8-4EC3-81BD-107F20529660}.Debug|Any CPU.Build.0 = Debug|x86
		{BBE20091-AED8-4EC3-81BD-107F20529660}.Debug|Any CPU.Deploy.0 = Debug|x86
		{BBE20091-AED8-4EC3-81BD-107F20529660}.Debug|ARM.ActiveCfg = Debug|ARM
		{BBE20091-AED8-4EC3-81BD-107F20529660}.Debug|ARM.Build.0 = Debug|ARM
		{BBE20091-AED8-4EC3-81BD-107F20529660}.Debug|ARM.Deploy.0 = Debug|ARM
		{BBE20091-AED8-4EC3-81BD-107F20529660}.Debug|iPhone.ActiveCfg = Debug|x86
		{BBE20091-AED8-4EC3-81BD-107F20529660}.Debug|iPhone.Build.0 = Debug|x86
		{BBE20091-AED8-4EC3-81BD-107F20529660}.Debug|iPhone.Deploy.0 = Debug|x86
		{BBE20091-AED8-4EC3-81BD-107F20529660}.Debug|iPhoneSimulator.ActiveCfg = Debug|x86
		{BBE20091-AED8-4EC3-81BD-107F20529660}.Debug|iPhoneSimulator.Build.0 = Debug|x86
		{BBE20091-AED8-4EC3-81BD-107F20529660}.Debug|iPhoneSimulator.Deploy.0 = Debug|x86
		{BBE20091-AED8-4EC3-81BD-107F20529660}.Debug|x64.ActiveCfg = Debug|x64
		{BBE20091-AED8-4EC3-81BD-107F20529660}.Debug|x64.Build.0 = Debug|x64
		{BBE20091-AED8-4EC3-81BD-107F20529660}.Debug|x64.Deploy.0 = Debug|x64
		{BBE20091-AED8-4EC3-81BD-107F20529660}.Debug|x86.ActiveCfg = Debug|x86
		{BBE20091-AED8-4EC3-81BD-107F20529660}.Debug|x86.Build.0 = Debug|x86
		{BBE20091-AED8-4EC3-81BD-107F20529660}.Debug|x86.Deploy.0 = Debug|x86
		{BBE20091-AED8-4EC3-81BD-107F20529660}.Release|Any CPU.ActiveCfg = Release|x86
		{BBE20091-AED8-4EC3-81BD-107F20529660}.Release|Any CPU.Build.0 = Release|x86
		{BBE20091-AED8-4EC3-81BD-107F20529660}.Release|Any CPU.Deploy.0 = Release|x86
		{BBE20091-AED8-4EC3-81BD-107F20529660}.Release|ARM.ActiveCfg = Release|ARM
		{BBE20091-AED8-4EC3-81BD-107F20529660}.Release|ARM.Build.0 = Release|ARM
		{BBE20091-AED8-4EC3-81BD-107F20529660}.Release|ARM.Deploy.0 = Release|ARM
		{BBE20091-AED8-4EC3-81BD-107F20529660}.Release|iPhone.ActiveCfg = Release|x86
		{BBE20091-AED8-4EC3-81BD-107F20529660}.Release|iPhone.Build.0 = Release|x86
		{BBE20091-AED8-4EC3-81BD-107F20529660}.Release|iPhone.Deploy.0 = Release|x86
		{BBE20091-AED8-4EC3-81BD-107F20529660}.Release|iPhoneSimulator.ActiveCfg = Release|x86
		{BBE20091-AED8-4EC3-81BD-107F20529660}.Release|iPhoneSimulator.Build.0 = Release|x86
		{BBE20091-AED8-4EC3-81BD-107F20529660}.Release|iPhoneSimulator.Deploy.0 = Release|x86
		{BBE20091-AED8-4EC3-81BD-107F20529660}.Release|x64.ActiveCfg = Release|x64
		{BBE20091-AED8-4EC3-81BD-107F20529660}.Release|x64.Build.0 = Release|x64
		{BBE20091-AED8-4EC3-81BD-107F20529660}.Release|x64.Deploy.0 = Release|x64
		{BBE20091-AED8-4EC3-81BD-107F20529660}.Release|x86.ActiveCfg = Release|x86
		{BBE20091-AED8-4EC3-81BD-107F20529660}.Release|x86.Build.0 = Release|x86
		{BBE20091-AED8-4EC3-81BD-107F20529660}.Release|x86.Deploy.0 = Release|x86
		{987D0DAF-D577-4D55-A109-FEC8D76CBD72}.Debug|Any CPU.ActiveCfg = Debug|Any CPU
		{987D0DAF-D577-4D55-A109-FEC8D76CBD72}.Debug|Any CPU.Build.0 = Debug|Any CPU
		{987D0DAF-D577-4D55-A109-FEC8D76CBD72}.Debug|ARM.ActiveCfg = Debug|Any CPU
		{987D0DAF-D577-4D55-A109-FEC8D76CBD72}.Debug|ARM.Build.0 = Debug|Any CPU
		{987D0DAF-D577-4D55-A109-FEC8D76CBD72}.Debug|iPhone.ActiveCfg = Debug|Any CPU
		{987D0DAF-D577-4D55-A109-FEC8D76CBD72}.Debug|iPhone.Build.0 = Debug|Any CPU
		{987D0DAF-D577-4D55-A109-FEC8D76CBD72}.Debug|iPhoneSimulator.ActiveCfg = Debug|Any CPU
		{987D0DAF-D577-4D55-A109-FEC8D76CBD72}.Debug|iPhoneSimulator.Build.0 = Debug|Any CPU
		{987D0DAF-D577-4D55-A109-FEC8D76CBD72}.Debug|x64.ActiveCfg = Debug|Any CPU
		{987D0DAF-D577-4D55-A109-FEC8D76CBD72}.Debug|x64.Build.0 = Debug|Any CPU
		{987D0DAF-D577-4D55-A109-FEC8D76CBD72}.Debug|x86.ActiveCfg = Debug|Any CPU
		{987D0DAF-D577-4D55-A109-FEC8D76CBD72}.Debug|x86.Build.0 = Debug|Any CPU
		{987D0DAF-D577-4D55-A109-FEC8D76CBD72}.Release|Any CPU.ActiveCfg = Release|Any CPU
		{987D0DAF-D577-4D55-A109-FEC8D76CBD72}.Release|Any CPU.Build.0 = Release|Any CPU
		{987D0DAF-D577-4D55-A109-FEC8D76CBD72}.Release|ARM.ActiveCfg = Release|Any CPU
		{987D0DAF-D577-4D55-A109-FEC8D76CBD72}.Release|ARM.Build.0 = Release|Any CPU
		{987D0DAF-D577-4D55-A109-FEC8D76CBD72}.Release|iPhone.ActiveCfg = Release|Any CPU
		{987D0DAF-D577-4D55-A109-FEC8D76CBD72}.Release|iPhone.Build.0 = Release|Any CPU
		{987D0DAF-D577-4D55-A109-FEC8D76CBD72}.Release|iPhoneSimulator.ActiveCfg = Release|Any CPU
		{987D0DAF-D577-4D55-A109-FEC8D76CBD72}.Release|iPhoneSimulator.Build.0 = Release|Any CPU
		{987D0DAF-D577-4D55-A109-FEC8D76CBD72}.Release|x64.ActiveCfg = Release|Any CPU
		{987D0DAF-D577-4D55-A109-FEC8D76CBD72}.Release|x64.Build.0 = Release|Any CPU
		{987D0DAF-D577-4D55-A109-FEC8D76CBD72}.Release|x86.ActiveCfg = Release|Any CPU
		{987D0DAF-D577-4D55-A109-FEC8D76CBD72}.Release|x86.Build.0 = Release|Any CPU
		{987D0DAF-D577-4D55-A109-FEC8D76CBD72}.Ad-Hoc|Any CPU.ActiveCfg = Debug|Any CPU
		{987D0DAF-D577-4D55-A109-FEC8D76CBD72}.Ad-Hoc|Any CPU.Build.0 = Debug|Any CPU
		{FF57A697-9681-4C6F-AFC0-C6CAADBA1267}.Debug|Any CPU.ActiveCfg = Debug|Any CPU
		{FF57A697-9681-4C6F-AFC0-C6CAADBA1267}.Debug|Any CPU.Build.0 = Debug|Any CPU
		{FF57A697-9681-4C6F-AFC0-C6CAADBA1267}.Debug|ARM.ActiveCfg = Debug|Any CPU
		{FF57A697-9681-4C6F-AFC0-C6CAADBA1267}.Debug|ARM.Build.0 = Debug|Any CPU
		{FF57A697-9681-4C6F-AFC0-C6CAADBA1267}.Debug|iPhone.ActiveCfg = Debug|Any CPU
		{FF57A697-9681-4C6F-AFC0-C6CAADBA1267}.Debug|iPhone.Build.0 = Debug|Any CPU
		{FF57A697-9681-4C6F-AFC0-C6CAADBA1267}.Debug|iPhoneSimulator.ActiveCfg = Debug|Any CPU
		{FF57A697-9681-4C6F-AFC0-C6CAADBA1267}.Debug|iPhoneSimulator.Build.0 = Debug|Any CPU
		{FF57A697-9681-4C6F-AFC0-C6CAADBA1267}.Debug|x64.ActiveCfg = Debug|Any CPU
		{FF57A697-9681-4C6F-AFC0-C6CAADBA1267}.Debug|x64.Build.0 = Debug|Any CPU
		{FF57A697-9681-4C6F-AFC0-C6CAADBA1267}.Debug|x86.ActiveCfg = Debug|Any CPU
		{FF57A697-9681-4C6F-AFC0-C6CAADBA1267}.Debug|x86.Build.0 = Debug|Any CPU
		{FF57A697-9681-4C6F-AFC0-C6CAADBA1267}.Release|Any CPU.ActiveCfg = Release|Any CPU
		{FF57A697-9681-4C6F-AFC0-C6CAADBA1267}.Release|Any CPU.Build.0 = Release|Any CPU
		{FF57A697-9681-4C6F-AFC0-C6CAADBA1267}.Release|ARM.ActiveCfg = Release|Any CPU
		{FF57A697-9681-4C6F-AFC0-C6CAADBA1267}.Release|ARM.Build.0 = Release|Any CPU
		{FF57A697-9681-4C6F-AFC0-C6CAADBA1267}.Release|iPhone.ActiveCfg = Release|Any CPU
		{FF57A697-9681-4C6F-AFC0-C6CAADBA1267}.Release|iPhone.Build.0 = Release|Any CPU
		{FF57A697-9681-4C6F-AFC0-C6CAADBA1267}.Release|iPhoneSimulator.ActiveCfg = Release|Any CPU
		{FF57A697-9681-4C6F-AFC0-C6CAADBA1267}.Release|iPhoneSimulator.Build.0 = Release|Any CPU
		{FF57A697-9681-4C6F-AFC0-C6CAADBA1267}.Release|x64.ActiveCfg = Release|Any CPU
		{FF57A697-9681-4C6F-AFC0-C6CAADBA1267}.Release|x64.Build.0 = Release|Any CPU
		{FF57A697-9681-4C6F-AFC0-C6CAADBA1267}.Release|x86.ActiveCfg = Release|Any CPU
		{FF57A697-9681-4C6F-AFC0-C6CAADBA1267}.Release|x86.Build.0 = Release|Any CPU
		{FF57A697-9681-4C6F-AFC0-C6CAADBA1267}.Ad-Hoc|Any CPU.ActiveCfg = Debug|Any CPU
		{FF57A697-9681-4C6F-AFC0-C6CAADBA1267}.Ad-Hoc|Any CPU.Build.0 = Debug|Any CPU
		{CA2BD7AF-CBD6-4B26-A2A2-13650B32B97D}.Debug|Any CPU.ActiveCfg = Debug|Any CPU
		{CA2BD7AF-CBD6-4B26-A2A2-13650B32B97D}.Debug|ARM.ActiveCfg = Debug|Any CPU
		{CA2BD7AF-CBD6-4B26-A2A2-13650B32B97D}.Debug|ARM.Build.0 = Debug|Any CPU
		{CA2BD7AF-CBD6-4B26-A2A2-13650B32B97D}.Debug|iPhone.ActiveCfg = Debug|Any CPU
		{CA2BD7AF-CBD6-4B26-A2A2-13650B32B97D}.Debug|iPhone.Build.0 = Debug|Any CPU
		{CA2BD7AF-CBD6-4B26-A2A2-13650B32B97D}.Debug|iPhoneSimulator.ActiveCfg = Debug|Any CPU
		{CA2BD7AF-CBD6-4B26-A2A2-13650B32B97D}.Debug|iPhoneSimulator.Build.0 = Debug|Any CPU
		{CA2BD7AF-CBD6-4B26-A2A2-13650B32B97D}.Debug|x64.ActiveCfg = Debug|Any CPU
		{CA2BD7AF-CBD6-4B26-A2A2-13650B32B97D}.Debug|x64.Build.0 = Debug|Any CPU
		{CA2BD7AF-CBD6-4B26-A2A2-13650B32B97D}.Debug|x86.ActiveCfg = Debug|Any CPU
		{CA2BD7AF-CBD6-4B26-A2A2-13650B32B97D}.Debug|x86.Build.0 = Debug|Any CPU
		{CA2BD7AF-CBD6-4B26-A2A2-13650B32B97D}.Release|Any CPU.ActiveCfg = Release|Any CPU
		{CA2BD7AF-CBD6-4B26-A2A2-13650B32B97D}.Release|Any CPU.Build.0 = Release|Any CPU
		{CA2BD7AF-CBD6-4B26-A2A2-13650B32B97D}.Release|ARM.ActiveCfg = Release|Any CPU
		{CA2BD7AF-CBD6-4B26-A2A2-13650B32B97D}.Release|ARM.Build.0 = Release|Any CPU
		{CA2BD7AF-CBD6-4B26-A2A2-13650B32B97D}.Release|iPhone.ActiveCfg = Release|Any CPU
		{CA2BD7AF-CBD6-4B26-A2A2-13650B32B97D}.Release|iPhone.Build.0 = Release|Any CPU
		{CA2BD7AF-CBD6-4B26-A2A2-13650B32B97D}.Release|iPhoneSimulator.ActiveCfg = Release|Any CPU
		{CA2BD7AF-CBD6-4B26-A2A2-13650B32B97D}.Release|iPhoneSimulator.Build.0 = Release|Any CPU
		{CA2BD7AF-CBD6-4B26-A2A2-13650B32B97D}.Release|x64.ActiveCfg = Release|Any CPU
		{CA2BD7AF-CBD6-4B26-A2A2-13650B32B97D}.Release|x64.Build.0 = Release|Any CPU
		{CA2BD7AF-CBD6-4B26-A2A2-13650B32B97D}.Release|x86.ActiveCfg = Release|Any CPU
		{CA2BD7AF-CBD6-4B26-A2A2-13650B32B97D}.Release|x86.Build.0 = Release|Any CPU
		{CA2BD7AF-CBD6-4B26-A2A2-13650B32B97D}.Debug|Any CPU.Build.0 = Debug|Any CPU
		{CA2BD7AF-CBD6-4B26-A2A2-13650B32B97D}.Ad-Hoc|Any CPU.ActiveCfg = Debug|Any CPU
		{CA2BD7AF-CBD6-4B26-A2A2-13650B32B97D}.Ad-Hoc|Any CPU.Build.0 = Debug|Any CPU
	EndGlobalSection
	GlobalSection(SolutionProperties) = preSolution
		HideSolutionNode = FALSE
	EndGlobalSection
	GlobalSection(ExtensibilityGlobals) = postSolution
		SolutionGuid = {AC80D6BA-A07B-40A5-80F0-33F1759E9C39}
	EndGlobalSection
	GlobalSection(NestedProjects) = preSolution
		{987D0DAF-D577-4D55-A109-FEC8D76CBD72} = {4B6156DF-1DC1-46C2-83D5-EC72658DAD50}
		{09366860-68B2-405E-853C-499F1F7844DD} = {E11C7A8C-5913-4111-A7BA-7E22F30BE2DA}
		{E087E5E1-B9DB-42DD-A4E8-1135AD40F428} = {E11C7A8C-5913-4111-A7BA-7E22F30BE2DA}
		{BBE20091-AED8-4EC3-81BD-107F20529660} = {E11C7A8C-5913-4111-A7BA-7E22F30BE2DA}
		{FF57A697-9681-4C6F-AFC0-C6CAADBA1267} = {D114B573-F06A-45FE-A3E9-AA7FA3DA1818}
		{CA2BD7AF-CBD6-4B26-A2A2-13650B32B97D} = {D114B573-F06A-45FE-A3E9-AA7FA3DA1818}
	EndGlobalSection
EndGlobal
